<?xml version="1.0" encoding="utf-8"?>
<Project ToolsVersion="4.0" xmlns="http://schemas.microsoft.com/developer/msbuild/2003">
  <ItemGroup>
    <ClCompile Include="dllmain.cpp" />
    <ClCompile Include="Engine.cpp">
      <Filter>UE4</Filter>
    </ClCompile>
    <ClCompile Include="Util.cpp">
      <Filter>Utilities</Filter>
    </ClCompile>
    <ClCompile Include="MinHook\buffer.c">
      <Filter>Utilities\MinHook</Filter>
    </ClCompile>
    <ClCompile Include="MinHook\hook.c">
      <Filter>Utilities\MinHook</Filter>
    </ClCompile>
    <ClCompile Include="MinHook\trampoline.c">
      <Filter>Utilities\MinHook</Filter>
    </ClCompile>
    <ClCompile Include="MinHook\hde\hde32.c">
      <Filter>Utilities\MinHook\hde</Filter>
    </ClCompile>
    <ClCompile Include="MinHook\hde\hde64.c">
      <Filter>Utilities\MinHook\hde</Filter>
    </ClCompile>
  </ItemGroup>
  <ItemGroup>
    <Filter Include="UE4">
      <UniqueIdentifier>{f4cf7e88-8f2f-4f48-a5c7-8d1210fd8473}</UniqueIdentifier>
    </Filter>
    <Filter Include="Utilities">
      <UniqueIdentifier>{e6cda29c-81a8-47ca-9f82-5c689b7c6fbf}</UniqueIdentifier>
    </Filter>
    <Filter Include="Utilities\MinHook">
      <UniqueIdentifier>{61a7e134-171e-439d-a225-e8d45d30fc57}</UniqueIdentifier>
    </Filter>
    <Filter Include="Utilities\MinHook\hde">
      <UniqueIdentifier>{10e15e98-b18e-4fad-b815-e0e70982c1d2}</UniqueIdentifier>
    </Filter>
  </ItemGroup>
  <ItemGroup>
    <ClInclude Include="Engine.h">
      <Filter>UE4</Filter>
    </ClInclude>
    <ClInclude Include="Util.h">
      <Filter>Utilities</Filter>
    </ClInclude>
    <ClInclude Include="MinHook\buffer.h">
      <Filter>Utilities\MinHook</Filter>
    </ClInclude>
    <ClInclude Include="MinHook\MinHook.h">
      <Filter>Utilities\MinHook</Filter>
    </ClInclude>
    <ClInclude Include="MinHook\trampoline.h">
      <Filter>Utilities\MinHook</Filter>
    </ClInclude>
    <ClInclude Include="MinHook\hde\hde32.h">
      <Filter>Utilities\MinHook\hde</Filter>
    </ClInclude>
    <ClInclude Include="MinHook\hde\hde64.h">
      <Filter>Utilities\MinHook\hde</Filter>
    </ClInclude>
    <ClInclude Include="MinHook\hde\pstdint.h">
      <Filter>Utilities\MinHook\hde</Filter>
    </ClInclude>
    <ClInclude Include="MinHook\hde\table32.h">
      <Filter>Utilities\MinHook\hde</Filter>
    </ClInclude>
    <ClInclude Include="MinHook\hde\table64.h">
      <Filter>Utilities\MinHook\hde</Filter>
    </ClInclude>
  </ItemGroup>
</Project>